// !$*UTF8*$!
{
	archiveVersion = 1;
	classes = {
	};
	objectVersion = 46;
	objects = {

/* Begin PBXBuildFile section */
		98BFED0B1C0DAD8400D1D83B /* AppDelegate.swift in Sources */ = {isa = PBXBuildFile; fileRef = 98BFED0A1C0DAD8400D1D83B /* AppDelegate.swift */; };
		98BFED0D1C0DAD8400D1D83B /* ViewController.swift in Sources */ = {isa = PBXBuildFile; fileRef = 98BFED0C1C0DAD8400D1D83B /* ViewController.swift */; };
		98BFED101C0DAD8400D1D83B /* Main.storyboard in Resources */ = {isa = PBXBuildFile; fileRef = 98BFED0E1C0DAD8400D1D83B /* Main.storyboard */; };
		98BFED121C0DAD8400D1D83B /* Images.xcassets in Resources */ = {isa = PBXBuildFile; fileRef = 98BFED111C0DAD8400D1D83B /* Images.xcassets */; };
		98BFED151C0DAD8400D1D83B /* LaunchScreen.xib in Resources */ = {isa = PBXBuildFile; fileRef = 98BFED131C0DAD8400D1D83B /* LaunchScreen.xib */; };
		98BFED211C0DAD8400D1D83B /* BlurSlipSideMenuDemoTests.swift in Sources */ = {isa = PBXBuildFile; fileRef = 98BFED201C0DAD8400D1D83B /* BlurSlipSideMenuDemoTests.swift */; };
		98BFED2C1C0DAE0100D1D83B /* ZCHBlurMainController.swift in Sources */ = {isa = PBXBuildFile; fileRef = 98BFED2B1C0DAE0100D1D83B /* ZCHBlurMainController.swift */; };
		98BFED361C0EF4BE00D1D83B /* UIImage+ImageEffects.m in Sources */ = {isa = PBXBuildFile; fileRef = 98BFED351C0EF4BE00D1D83B /* UIImage+ImageEffects.m */; };
		98BFED3B1C0F07E300D1D83B /* RootViewController.swift in Sources */ = {isa = PBXBuildFile; fileRef = 98BFED3A1C0F07E300D1D83B /* RootViewController.swift */; };
		98BFED3D1C0F081100D1D83B /* SlidsidTableViewController.swift in Sources */ = {isa = PBXBuildFile; fileRef = 98BFED3C1C0F081100D1D83B /* SlidsidTableViewController.swift */; };
		98BFED3F1C0FDEE900D1D83B /* MainViewController.swift in Sources */ = {isa = PBXBuildFile; fileRef = 98BFED3E1C0FDEE900D1D83B /* MainViewController.swift */; };
		98E8E7841C2506EE00B13D3C /* ZCHBlurSlipSideMenu+UIViewController.swift in Sources */ = {isa = PBXBuildFile; fileRef = 98E8E7831C2506EE00B13D3C /* ZCHBlurSlipSideMenu+UIViewController.swift */; };
/* End PBXBuildFile section */

/* Begin PBXContainerItemProxy section */
		98BFED1B1C0DAD8400D1D83B /* PBXContainerItemProxy */ = {
			isa = PBXContainerItemProxy;
			containerPortal = 98BFECFD1C0DAD8400D1D83B /* Project object */;
			proxyType = 1;
			remoteGlobalIDString = 98BFED041C0DAD8400D1D83B;
			remoteInfo = BlurSlipSideMenuDemo;
		};
/* End PBXContainerItemProxy section */

/* Begin PBXFileReference section */
		98BFED051C0DAD8400D1D83B /* BlurSlipSideMenuDemo.app */ = {isa = PBXFileReference; explicitFileType = wrapper.application; includeInIndex = 0; path = BlurSlipSideMenuDemo.app; sourceTree = BUILT_PRODUCTS_DIR; };
		98BFED091C0DAD8400D1D83B /* Info.plist */ = {isa = PBXFileReference; lastKnownFileType = text.plist.xml; path = Info.plist; sourceTree = "<group>"; };
		98BFED0A1C0DAD8400D1D83B /* AppDelegate.swift */ = {isa = PBXFileReference; lastKnownFileType = sourcecode.swift; path = AppDelegate.swift; sourceTree = "<group>"; };
		98BFED0C1C0DAD8400D1D83B /* ViewController.swift */ = {isa = PBXFileReference; lastKnownFileType = sourcecode.swift; path = ViewController.swift; sourceTree = "<group>"; };
		98BFED0F1C0DAD8400D1D83B /* Base */ = {isa = PBXFileReference; lastKnownFileType = file.storyboard; name = Base; path = Base.lproj/Main.storyboard; sourceTree = "<group>"; };
		98BFED111C0DAD8400D1D83B /* Images.xcassets */ = {isa = PBXFileReference; lastKnownFileType = folder.assetcatalog; path = Images.xcassets; sourceTree = "<group>"; };
		98BFED141C0DAD8400D1D83B /* Base */ = {isa = PBXFileReference; lastKnownFileType = file.xib; name = Base; path = Base.lproj/LaunchScreen.xib; sourceTree = "<group>"; };
		98BFED1A1C0DAD8400D1D83B /* BlurSlipSideMenuDemoTests.xctest */ = {isa = PBXFileReference; explicitFileType = wrapper.cfbundle; includeInIndex = 0; path = BlurSlipSideMenuDemoTests.xctest; sourceTree = BUILT_PRODUCTS_DIR; };
		98BFED1F1C0DAD8400D1D83B /* Info.plist */ = {isa = PBXFileReference; lastKnownFileType = text.plist.xml; path = Info.plist; sourceTree = "<group>"; };
		98BFED201C0DAD8400D1D83B /* BlurSlipSideMenuDemoTests.swift */ = {isa = PBXFileReference; lastKnownFileType = sourcecode.swift; path = BlurSlipSideMenuDemoTests.swift; sourceTree = "<group>"; };
		98BFED2B1C0DAE0100D1D83B /* ZCHBlurMainController.swift */ = {isa = PBXFileReference; fileEncoding = 4; lastKnownFileType = sourcecode.swift; name = ZCHBlurMainController.swift; path = BlurSlipSideMenu/ZCHBlurMainController.swift; sourceTree = "<group>"; };
		98BFED341C0EF4BE00D1D83B /* UIImage+ImageEffects.h */ = {isa = PBXFileReference; fileEncoding = 4; lastKnownFileType = sourcecode.c.h; path = "UIImage+ImageEffects.h"; sourceTree = "<group>"; };
		98BFED351C0EF4BE00D1D83B /* UIImage+ImageEffects.m */ = {isa = PBXFileReference; fileEncoding = 4; lastKnownFileType = sourcecode.c.objc; path = "UIImage+ImageEffects.m"; sourceTree = "<group>"; };
		98BFED371C0EF72A00D1D83B /* Swift_to_ObjectCBridge_Header.h */ = {isa = PBXFileReference; fileEncoding = 4; lastKnownFileType = sourcecode.c.h; path = Swift_to_ObjectCBridge_Header.h; sourceTree = "<group>"; };
		98BFED3A1C0F07E300D1D83B /* RootViewController.swift */ = {isa = PBXFileReference; fileEncoding = 4; lastKnownFileType = sourcecode.swift; path = RootViewController.swift; sourceTree = "<group>"; };
		98BFED3C1C0F081100D1D83B /* SlidsidTableViewController.swift */ = {isa = PBXFileReference; fileEncoding = 4; lastKnownFileType = sourcecode.swift; path = SlidsidTableViewController.swift; sourceTree = "<group>"; };
		98BFED3E1C0FDEE900D1D83B /* MainViewController.swift */ = {isa = PBXFileReference; fileEncoding = 4; lastKnownFileType = sourcecode.swift; path = MainViewController.swift; sourceTree = "<group>"; };
		98E8E7831C2506EE00B13D3C /* ZCHBlurSlipSideMenu+UIViewController.swift */ = {isa = PBXFileReference; fileEncoding = 4; lastKnownFileType = sourcecode.swift; name = "ZCHBlurSlipSideMenu+UIViewController.swift"; path = "BlurSlipSideMenu/ZCHBlurSlipSideMenu+UIViewController.swift"; sourceTree = "<group>"; };
/* End PBXFileReference section */

/* Begin PBXFrameworksBuildPhase section */
		98BFED021C0DAD8400D1D83B /* Frameworks */ = {
			isa = PBXFrameworksBuildPhase;
			buildActionMask = 2147483647;
			files = (
			);
			runOnlyForDeploymentPostprocessing = 0;
		};
		98BFED171C0DAD8400D1D83B /* Frameworks */ = {
			isa = PBXFrameworksBuildPhase;
			buildActionMask = 2147483647;
			files = (
			);
			runOnlyForDeploymentPostprocessing = 0;
		};
/* End PBXFrameworksBuildPhase section */

/* Begin PBXGroup section */
		98BFECFC1C0DAD8400D1D83B = {
			isa = PBXGroup;
			children = (
				98BFED071C0DAD8400D1D83B /* BlurSlipSideMenuDemo */,
				98BFED1D1C0DAD8400D1D83B /* BlurSlipSideMenuDemoTests */,
				98BFED061C0DAD8400D1D83B /* Products */,
			);
			sourceTree = "<group>";
		};
		98BFED061C0DAD8400D1D83B /* Products */ = {
			isa = PBXGroup;
			children = (
				98BFED051C0DAD8400D1D83B /* BlurSlipSideMenuDemo.app */,
				98BFED1A1C0DAD8400D1D83B /* BlurSlipSideMenuDemoTests.xctest */,
			);
			name = Products;
			sourceTree = "<group>";
		};
		98BFED071C0DAD8400D1D83B /* BlurSlipSideMenuDemo */ = {
			isa = PBXGroup;
			children = (
				98BFED341C0EF4BE00D1D83B /* UIImage+ImageEffects.h */,
				98BFED351C0EF4BE00D1D83B /* UIImage+ImageEffects.m */,
				98BFED2A1C0DADA200D1D83B /* BlurSlipSideMenu */,
				98BFED0A1C0DAD8400D1D83B /* AppDelegate.swift */,
				98BFED0C1C0DAD8400D1D83B /* ViewController.swift */,
				98BFED0E1C0DAD8400D1D83B /* Main.storyboard */,
				98BFED111C0DAD8400D1D83B /* Images.xcassets */,
				98BFED131C0DAD8400D1D83B /* LaunchScreen.xib */,
				98BFED081C0DAD8400D1D83B /* Supporting Files */,
				98BFED3A1C0F07E300D1D83B /* RootViewController.swift */,
				98BFED3C1C0F081100D1D83B /* SlidsidTableViewController.swift */,
				98BFED3E1C0FDEE900D1D83B /* MainViewController.swift */,
			);
			path = BlurSlipSideMenuDemo;
			sourceTree = "<group>";
		};
		98BFED081C0DAD8400D1D83B /* Supporting Files */ = {
			isa = PBXGroup;
			children = (
				98BFED091C0DAD8400D1D83B /* Info.plist */,
				98BFED371C0EF72A00D1D83B /* Swift_to_ObjectCBridge_Header.h */,
			);
			name = "Supporting Files";
			sourceTree = "<group>";
		};
		98BFED1D1C0DAD8400D1D83B /* BlurSlipSideMenuDemoTests */ = {
			isa = PBXGroup;
			children = (
				98BFED201C0DAD8400D1D83B /* BlurSlipSideMenuDemoTests.swift */,
				98BFED1E1C0DAD8400D1D83B /* Supporting Files */,
			);
			path = BlurSlipSideMenuDemoTests;
			sourceTree = "<group>";
		};
		98BFED1E1C0DAD8400D1D83B /* Supporting Files */ = {
			isa = PBXGroup;
			children = (
				98BFED1F1C0DAD8400D1D83B /* Info.plist */,
			);
			name = "Supporting Files";
			sourceTree = "<group>";
		};
		98BFED2A1C0DADA200D1D83B /* BlurSlipSideMenu */ = {
			isa = PBXGroup;
			children = (
				98BFED2B1C0DAE0100D1D83B /* ZCHBlurMainController.swift */,
				98E8E7831C2506EE00B13D3C /* ZCHBlurSlipSideMenu+UIViewController.swift */,
			);
			name = BlurSlipSideMenu;
			sourceTree = "<group>";
		};
/* End PBXGroup section */

/* Begin PBXNativeTarget section */
		98BFED041C0DAD8400D1D83B /* BlurSlipSideMenuDemo */ = {
			isa = PBXNativeTarget;
			buildConfigurationList = 98BFED241C0DAD8400D1D83B /* Build configuration list for PBXNativeTarget "BlurSlipSideMenuDemo" */;
			buildPhases = (
				98BFED011C0DAD8400D1D83B /* Sources */,
				98BFED021C0DAD8400D1D83B /* Frameworks */,
				98BFED031C0DAD8400D1D83B /* Resources */,
			);
			buildRules = (
			);
			dependencies = (
			);
			name = BlurSlipSideMenuDemo;
			productName = BlurSlipSideMenuDemo;
			productReference = 98BFED051C0DAD8400D1D83B /* BlurSlipSideMenuDemo.app */;
			productType = "com.apple.product-type.application";
		};
		98BFED191C0DAD8400D1D83B /* BlurSlipSideMenuDemoTests */ = {
			isa = PBXNativeTarget;
			buildConfigurationList = 98BFED271C0DAD8500D1D83B /* Build configuration list for PBXNativeTarget "BlurSlipSideMenuDemoTests" */;
			buildPhases = (
				98BFED161C0DAD8400D1D83B /* Sources */,
				98BFED171C0DAD8400D1D83B /* Frameworks */,
				98BFED181C0DAD8400D1D83B /* Resources */,
			);
			buildRules = (
			);
			dependencies = (
				98BFED1C1C0DAD8400D1D83B /* PBXTargetDependency */,
			);
			name = BlurSlipSideMenuDemoTests;
			productName = BlurSlipSideMenuDemoTests;
			productReference = 98BFED1A1C0DAD8400D1D83B /* BlurSlipSideMenuDemoTests.xctest */;
			productType = "com.apple.product-type.bundle.unit-test";
		};
/* End PBXNativeTarget section */

/* Begin PBXProject section */
		98BFECFD1C0DAD8400D1D83B /* Project object */ = {
			isa = PBXProject;
			attributes = {
				LastSwiftMigration = 0710;
				LastSwiftUpdateCheck = 0710;
				LastUpgradeCheck = 0640;
				ORGANIZATIONNAME = com.zhangcihang;
				TargetAttributes = {
					98BFED041C0DAD8400D1D83B = {
						CreatedOnToolsVersion = 6.4;
					};
					98BFED191C0DAD8400D1D83B = {
						CreatedOnToolsVersion = 6.4;
						TestTargetID = 98BFED041C0DAD8400D1D83B;
					};
				};
			};
			buildConfigurationList = 98BFED001C0DAD8400D1D83B /* Build configuration list for PBXProject "BlurSlipSideMenuDemo" */;
			compatibilityVersion = "Xcode 3.2";
			developmentRegion = English;
			hasScannedForEncodings = 0;
			knownRegions = (
				en,
				Base,
			);
			mainGroup = 98BFECFC1C0DAD8400D1D83B;
			productRefGroup = 98BFED061C0DAD8400D1D83B /* Products */;
			projectDirPath = "";
			projectRoot = "";
			targets = (
				98BFED041C0DAD8400D1D83B /* BlurSlipSideMenuDemo */,
				98BFED191C0DAD8400D1D83B /* BlurSlipSideMenuDemoTests */,
			);
		};
/* End PBXProject section */

/* Begin PBXResourcesBuildPhase section */
		98BFED031C0DAD8400D1D83B /* Resources */ = {
			isa = PBXResourcesBuildPhase;
			buildActionMask = 2147483647;
			files = (
				98BFED101C0DAD8400D1D83B /* Main.storyboard in Resources */,
				98BFED151C0DAD8400D1D83B /* LaunchScreen.xib in Resources */,
				98BFED121C0DAD8400D1D83B /* Images.xcassets in Resources */,
			);
			runOnlyForDeploymentPostprocessing = 0;
		};
		98BFED181C0DAD8400D1D83B /* Resources */ = {
			isa = PBXResourcesBuildPhase;
			buildActionMask = 2147483647;
			files = (
			);
			runOnlyForDeploymentPostprocessing = 0;
		};
/* End PBXResourcesBuildPhase section */

/* Begin PBXSourcesBuildPhase section */
		98BFED011C0DAD8400D1D83B /* Sources */ = {
			isa = PBXSourcesBuildPhase;
			buildActionMask = 2147483647;
			files = (
				98BFED3F1C0FDEE900D1D83B /* MainViewController.swift in Sources */,
				98E8E7841C2506EE00B13D3C /* ZCHBlurSlipSideMenu+UIViewController.swift in Sources */,
				98BFED3B1C0F07E300D1D83B /* RootViewController.swift in Sources */,
				98BFED361C0EF4BE00D1D83B /* UIImage+ImageEffects.m in Sources */,
				98BFED3D1C0F081100D1D83B /* SlidsidTableViewController.swift in Sources */,
				98BFED0D1C0DAD8400D1D83B /* ViewController.swift in Sources */,
				98BFED0B1C0DAD8400D1D83B /* AppDelegate.swift in Sources */,
				98BFED2C1C0DAE0100D1D83B /* ZCHBlurMainController.swift in Sources */,
			);
			runOnlyForDeploymentPostprocessing = 0;
		};
		98BFED161C0DAD8400D1D83B /* Sources */ = {
			isa = PBXSourcesBuildPhase;
			buildActionMask = 2147483647;
			files = (
				98BFED211C0DAD8400D1D83B /* BlurSlipSideMenuDemoTests.swift in Sources */,
			);
			runOnlyForDeploymentPostprocessing = 0;
		};
/* End PBXSourcesBuildPhase section */

/* Begin PBXTargetDependency section */
		98BFED1C1C0DAD8400D1D83B /* PBXTargetDependency */ = {
			isa = PBXTargetDependency;
			target = 98BFED041C0DAD8400D1D83B /* BlurSlipSideMenuDemo */;
			targetProxy = 98BFED1B1C0DAD8400D1D83B /* PBXContainerItemProxy */;
		};
/* End PBXTargetDependency section */

/* Begin PBXVariantGroup section */
		98BFED0E1C0DAD8400D1D83B /* Main.storyboard */ = {
			isa = PBXVariantGroup;
			children = (
				98BFED0F1C0DAD8400D1D83B /* Base */,
			);
			name = Main.storyboard;
			sourceTree = "<group>";
		};
		98BFED131C0DAD8400D1D83B /* LaunchScreen.xib */ = {
			isa = PBXVariantGroup;
			children = (
				98BFED141C0DAD8400D1D83B /* Base */,
			);
			name = LaunchScreen.xib;
			sourceTree = "<group>";
		};
/* End PBXVariantGroup section */

/* Begin XCBuildConfiguration section */
		98BFED221C0DAD8400D1D83B /* Debug */ = {
			isa = XCBuildConfiguration;
			buildSettings = {
				ALWAYS_SEARCH_USER_PATHS = NO;
				CLANG_CXX_LANGUAGE_STANDARD = "gnu++0x";
				CLANG_CXX_LIBRARY = "libc++";
				CLANG_ENABLE_MODULES = YES;
				CLANG_ENABLE_OBJC_ARC = YES;
				CLANG_WARN_BOOL_CONVERSION = YES;
				CLANG_WARN_CONSTANT_CONVERSION = YES;
				CLANG_WARN_DIRECT_OBJC_ISA_USAGE = YES_ERROR;
				CLANG_WARN_EMPTY_BODY = YES;
				CLANG_WARN_ENUM_CONVERSION = YES;
				CLANG_WARN_INT_CONVERSION = YES;
				CLANG_WARN_OBJC_ROOT_CLASS = YES_ERROR;
				CLANG_WARN_UNREACHABLE_CODE = YES;
				CLANG_WARN__DUPLICATE_METHOD_MATCH = YES;
				"CODE_SIGN_IDENTITY[sdk=iphoneos*]" = "iPhone Developer";
				COPY_PHASE_STRIP = NO;
				DEBUG_INFORMATION_FORMAT = "dwarf-with-dsym";
				ENABLE_STRICT_OBJC_MSGSEND = YES;
				GCC_C_LANGUAGE_STANDARD = gnu99;
				GCC_DYNAMIC_NO_PIC = NO;
				GCC_NO_COMMON_BLOCKS = YES;
				GCC_OPTIMIZATION_LEVEL = 0;
				GCC_PREPROCESSOR_DEFINITIONS = (
					"DEBUG=1",
					"$(inherited)",
				);
				GCC_SYMBOLS_PRIVATE_EXTERN = NO;
				GCC_WARN_64_TO_32_BIT_CONVERSION = YES;
				GCC_WARN_ABOUT_RETURN_TYPE = YES_ERROR;
				GCC_WARN_UNDECLARED_SELECTOR = YES;
				GCC_WARN_UNINITIALIZED_AUTOS = YES_AGGRESSIVE;
				GCC_WARN_UNUSED_FUNCTION = YES;
				GCC_WARN_UNUSED_VARIABLE = YES;
				IPHONEOS_DEPLOYMENT_TARGET = 8.4;
				MTL_ENABLE_DEBUG_INFO = YES;
				ONLY_ACTIVE_ARCH = YES;
				SDKROOT = iphoneos;
				SWIFT_OPTIMIZATION_LEVEL = "-Onone";
			};
			name = Debug;
		};
		98BFED231C0DAD8400D1D83B /* Release */ = {
			isa = XCBuildConfiguration;
			buildSettings = {
				ALWAYS_SEARCH_USER_PATHS = NO;
				CLANG_CXX_LANGUAGE_STANDARD = "gnu++0x";
				CLANG_CXX_LIBRARY = "libc++";
				CLANG_ENABLE_MODULES = YES;
				CLANG_ENABLE_OBJC_ARC = YES;
				CLANG_WARN_BOOL_CONVERSION = YES;
				CLANG_WARN_CONSTANT_CONVERSION = YES;
				CLANG_WARN_DIRECT_OBJC_ISA_USAGE = YES_ERROR;
				CLANG_WARN_EMPTY_BODY = YES;
				CLANG_WARN_ENUM_CONVERSION = YES;
				CLANG_WARN_INT_CONVERSION = YES;
				CLANG_WARN_OBJC_ROOT_CLASS = YES_ERROR;
				CLANG_WARN_UNREACHABLE_CODE = YES;
				CLANG_WARN__DUPLICATE_METHOD_MATCH = YES;
				"CODE_SIGN_IDENTITY[sdk=iphoneos*]" = "iPhone Developer";
				COPY_PHASE_STRIP = NO;
				DEBUG_INFORMATION_FORMAT = "dwarf-with-dsym";
				ENABLE_NS_ASSERTIONS = NO;
				ENABLE_STRICT_OBJC_MSGSEND = YES;
				GCC_C_LANGUAGE_STANDARD = gnu99;
				GCC_NO_COMMON_BLOCKS = YES;
				GCC_WARN_64_TO_32_BIT_CONVERSION = YES;
				GCC_WARN_ABOUT_RETURN_TYPE = YES_ERROR;
				GCC_WARN_UNDECLARED_SELECTOR = YES;
				GCC_WARN_UNINITIALIZED_AUTOS = YES_AGGRESSIVE;
				GCC_WARN_UNUSED_FUNCTION = YES;
				GCC_WARN_UNUSED_VARIABLE = YES;
				IPHONEOS_DEPLOYMENT_TARGET = 8.4;
				MTL_ENABLE_DEBUG_INFO = NO;
				SDKROOT = iphoneos;
				VALIDATE_PRODUCT = YES;
			};
			name = Release;
		};
		98BFED251C0DAD8400D1D83B /* Debug */ = {
			isa = XCBuildConfiguration;
			buildSettings = {
				ASSETCATALOG_COMPILER_APPICON_NAME = AppIcon;
				INFOPLIST_FILE = BlurSlipSideMenuDemo/Info.plist;
				IPHONEOS_DEPLOYMENT_TARGET = 7.0;
				LD_RUNPATH_SEARCH_PATHS = "$(inherited) @executable_path/Frameworks";
				PRODUCT_NAME = "$(TARGET_NAME)";
				SWIFT_OBJC_BRIDGING_HEADER = BlurSlipSideMenuDemo/Swift_to_ObjectCBridge_Header.h;
			};
			name = Debug;
		};
		98BFED261C0DAD8500D1D83B /* Release */ = {
			isa = XCBuildConfiguration;
			buildSettings = {
				ASSETCATALOG_COMPILER_APPICON_NAME = AppIcon;
				INFOPLIST_FILE = BlurSlipSideMenuDemo/Info.plist;
				IPHONEOS_DEPLOYMENT_TARGET = 7.0;
				LD_RUNPATH_SEARCH_PATHS = "$(inherited) @executable_path/Frameworks";
				PRODUCT_NAME = "$(TARGET_NAME)";
				SWIFT_OBJC_BRIDGING_HEADER = BlurSlipSideMenuDemo/Swift_to_ObjectCBridge_Header.h;
			};
			name = Release;
		};
		98BFED281C0DAD8500D1D83B /* Debug */ = {
			isa = XCBuildConfiguration;
			buildSettings = {
				BUNDLE_LOADER = "$(TEST_HOST)";
				FRAMEWORK_SEARCH_PATHS = (
					"$(SDKROOT)/Developer/Library/Frameworks",
					"$(inherited)",
				);
				GCC_PREPROCESSOR_DEFINITIONS = (
					"DEBUG=1",
					"$(inherited)",
				);
				INFOPLIST_FILE = BlurSlipSideMenuDemoTests/Info.plist;
				LD_RUNPATH_SEARCH_PATHS = "$(inherited) @executable_path/Frameworks @loader_path/Frameworks";
				PRODUCT_NAME = "$(TARGET_NAME)";
				TEST_HOST = "$(BUILT_PRODUCTS_DIR)/BlurSlipSideMenuDemo.app/BlurSlipSideMenuDemo";
			};
			name = Debug;
		};
		98BFED291C0DAD8500D1D83B /* Release */ = {
			isa = XCBuildConfiguration;
			buildSettings = {
				BUNDLE_LOADER = "$(TEST_HOST)";
				FRAMEWORK_SEARCH_PATHS = (
					"$(SDKROOT)/Developer/Library/Frameworks",
					"$(inherited)",
				);
				INFOPLIST_FILE = BlurSlipSideMenuDemoTests/Info.plist;
				LD_RUNPATH_SEARCH_PATHS = "$(inherited) @executable_path/Frameworks @loader_path/Frameworks";
				PRODUCT_NAME = "$(TARGET_NAME)";
				TEST_HOST = "$(BUILT_PRODUCTS_DIR)/BlurSlipSideMenuDemo.app/BlurSlipSideMenuDemo";
			};
			name = Release;
		};
/* End XCBuildConfiguration section */

/* Begin XCConfigurationList section */
		98BFED001C0DAD8400D1D83B /* Build configuration list for PBXProject "BlurSlipSideMenuDemo" */ = {
			isa = XCConfigurationList;
			buildConfigurations = (
				98BFED221C0DAD8400D1D83B /* Debug */,
				98BFED231C0DAD8400D1D83B /* Release */,
			);
			defaultConfigurationIsVisible = 0;
			defaultConfigurationName = Release;
		};
		98BFED241C0DAD8400D1D83B /* Build configuration list for PBXNativeTarget "BlurSlipSideMenuDemo" */ = {
			isa = XCConfigurationList;
			buildConfigurations = (
				98BFED251C0DAD8400D1D83B /* Debug */,
				98BFED261C0DAD8500D1D83B /* Release */,
			);
			defaultConfigurationIsVisible = 0;
			defaultConfigurationName = Release;
		};
		98BFED271C0DAD8500D1D83B /* Build configuration list for PBXNativeTarget "BlurSlipSideMenuDemoTests" */ = {
			isa = XCConfigurationList;
			buildConfigurations = (
				98BFED281C0DAD8500D1D83B /* Debug */,
				98BFED291C0DAD8500D1D83B /* Release */,
			);
			defaultConfigurationIsVisible = 0;
			defaultConfigurationName = Release;
		};
/* End XCConfigurationList section */
	};
	rootObject = 98BFECFD1C0DAD8400D1D83B /* Project object */;
}
